
Microsoft Visual Studio Solution File, Format Version 12.00
# Visual Studio Version 17
VisualStudioVersion = 17.4.33403.182
MinimumVisualStudioVersion = 10.0.40219.1
Project("{2150E333-8FDC-42A3-9474-1A3956D46DE8}") = "src", "src", "{5FAF449C-5DD7-4807-BF2C-ECD1F078711E}"
EndProject
Project("{2150E333-8FDC-42A3-9474-1A3956D46DE8}") = "Application", "Application", "{B166AF8A-35FD-4462-942A-09971E9549F3}"
EndProject
Project("{2150E333-8FDC-42A3-9474-1A3956D46DE8}") = "Domain", "Domain", "{AD7BB694-2F77-44BB-AE40-E6CFBF2D6C9B}"
EndProject
Project("{2150E333-8FDC-42A3-9474-1A3956D46DE8}") = "Infrastructure", "Infrastructure", "{A73F8EB0-8189-4085-B190-1333B7E1821F}"
EndProject
Project("{2150E333-8FDC-42A3-9474-1A3956D46DE8}") = "WebUI", "WebUI", "{96BE645B-96B6-457E-917B-AA7F694049D8}"
EndProject
Project("{54A90642-561A-4BB1-A94E-469ADEE60C69}") = "UI", "src\WebUI\UI\UI.esproj", "{03E25AE3-C0C6-42B9-ACBB-68B53905CD79}"
EndProject
Project("{9A19103F-16F7-4668-BE54-9A1E7A4F7556}") = "WebApi", "src\WebUI\WebApi\WebApi.csproj", "{ECB9C4B5-26F8-490B-B301-240E4DBAB3E0}"
EndProject
Project("{9A19103F-16F7-4668-BE54-9A1E7A4F7556}") = "Infrastructure", "src\Infrastructure\Infrastructure.csproj", "{AA2F2C60-4FF3-4D8C-AEB5-EAFC9E53784D}"
EndProject
Project("{9A19103F-16F7-4668-BE54-9A1E7A4F7556}") = "Domain", "src\Domain\Domain.csproj", "{6B64E852-6AC9-4724-A9F9-1E458B79147B}"
EndProject
Project("{9A19103F-16F7-4668-BE54-9A1E7A4F7556}") = "Application", "src\Application\Application.csproj", "{57D701C3-25D5-47AA-A307-049F8E13A157}"
EndProject
Global
	GlobalSection(SolutionConfigurationPlatforms) = preSolution
		Debug|Any CPU = Debug|Any CPU
		Release|Any CPU = Release|Any CPU
	EndGlobalSection
	GlobalSection(ProjectConfigurationPlatforms) = postSolution
		{03E25AE3-C0C6-42B9-ACBB-68B53905CD79}.Debug|Any CPU.ActiveCfg = Debug|Any CPU
		{03E25AE3-C0C6-42B9-ACBB-68B53905CD79}.Debug|Any CPU.Build.0 = Debug|Any CPU
		{03E25AE3-C0C6-42B9-ACBB-68B53905CD79}.Debug|Any CPU.Deploy.0 = Debug|Any CPU
		{03E25AE3-C0C6-42B9-ACBB-68B53905CD79}.Release|Any CPU.ActiveCfg = Release|Any CPU
		{03E25AE3-C0C6-42B9-ACBB-68B53905CD79}.Release|Any CPU.Build.0 = Release|Any CPU
		{03E25AE3-C0C6-42B9-ACBB-68B53905CD79}.Release|Any CPU.Deploy.0 = Release|Any CPU
		{ECB9C4B5-26F8-490B-B301-240E4DBAB3E0}.Debug|Any CPU.ActiveCfg = Debug|Any CPU
		{ECB9C4B5-26F8-490B-B301-240E4DBAB3E0}.Debug|Any CPU.Build.0 = Debug|Any CPU
		{ECB9C4B5-26F8-490B-B301-240E4DBAB3E0}.Release|Any CPU.ActiveCfg = Release|Any CPU
		{ECB9C4B5-26F8-490B-B301-240E4DBAB3E0}.Release|Any CPU.Build.0 = Release|Any CPU
		{AA2F2C60-4FF3-4D8C-AEB5-EAFC9E53784D}.Debug|Any CPU.ActiveCfg = Debug|Any CPU
		{AA2F2C60-4FF3-4D8C-AEB5-EAFC9E53784D}.Debug|Any CPU.Build.0 = Debug|Any CPU
		{AA2F2C60-4FF3-4D8C-AEB5-EAFC9E53784D}.Release|Any CPU.ActiveCfg = Release|Any CPU
		{AA2F2C60-4FF3-4D8C-AEB5-EAFC9E53784D}.Release|Any CPU.Build.0 = Release|Any CPU
		{6B64E852-6AC9-4724-A9F9-1E458B79147B}.Debug|Any CPU.ActiveCfg = Debug|Any CPU
		{6B64E852-6AC9-4724-A9F9-1E458B79147B}.Debug|Any CPU.Build.0 = Debug|Any CPU
		{6B64E852-6AC9-4724-A9F9-1E458B79147B}.Release|Any CPU.ActiveCfg = Release|Any CPU
		{6B64E852-6AC9-4724-A9F9-1E458B79147B}.Release|Any CPU.Build.0 = Release|Any CPU
		{57D701C3-25D5-47AA-A307-049F8E13A157}.Debug|Any CPU.ActiveCfg = Debug|Any CPU
		{57D701C3-25D5-47AA-A307-049F8E13A157}.Debug|Any CPU.Build.0 = Debug|Any CPU
		{57D701C3-25D5-47AA-A307-049F8E13A157}.Release|Any CPU.ActiveCfg = Release|Any CPU
		{57D701C3-25D5-47AA-A307-049F8E13A157}.Release|Any CPU.Build.0 = Release|Any CPU
	EndGlobalSection
	GlobalSection(SolutionProperties) = preSolution
		HideSolutionNode = FALSE
	EndGlobalSection
	GlobalSection(NestedProjects) = preSolution
		{B166AF8A-35FD-4462-942A-09971E9549F3} = {5FAF449C-5DD7-4807-BF2C-ECD1F078711E}
		{AD7BB694-2F77-44BB-AE40-E6CFBF2D6C9B} = {5FAF449C-5DD7-4807-BF2C-ECD1F078711E}
		{A73F8EB0-8189-4085-B190-1333B7E1821F} = {5FAF449C-5DD7-4807-BF2C-ECD1F078711E}
		{96BE645B-96B6-457E-917B-AA7F694049D8} = {5FAF449C-5DD7-4807-BF2C-ECD1F078711E}
		{03E25AE3-C0C6-42B9-ACBB-68B53905CD79} = {96BE645B-96B6-457E-917B-AA7F694049D8}
		{ECB9C4B5-26F8-490B-B301-240E4DBAB3E0} = {96BE645B-96B6-457E-917B-AA7F694049D8}
		{AA2F2C60-4FF3-4D8C-AEB5-EAFC9E53784D} = {A73F8EB0-8189-4085-B190-1333B7E1821F}
		{6B64E852-6AC9-4724-A9F9-1E458B79147B} = {AD7BB694-2F77-44BB-AE40-E6CFBF2D6C9B}
		{57D701C3-25D5-47AA-A307-049F8E13A157} = {B166AF8A-35FD-4462-942A-09971E9549F3}
	EndGlobalSection
	GlobalSection(ExtensibilityGlobals) = postSolution
		SolutionGuid = {717E1F59-5B57-4FC0-A319-3030D530B0EE}
	EndGlobalSection
EndGlobal
